github.com/binance/binance-connector-go v0.5.0 h1:McMm/WpGdMMtQ7UaVlnZ3reRmNRHdfVmJX7ihJ/3noU=
github.com/binance/binance-connector-go v0.5.0/go.mod h1:PuvBGdkdjJJ0QV9cfaRaAkkwOjGig7/AEF9L3//pTcE=
github.com/bitly/go-simplejson v0.5.0 h1:6IH+V8/tVMab511d5bn4M7EwGXZf9Hj6i2xSwkNEM+Y=
github.com/bitly/go-simplejson v0.5.0/go.mod h1:cXHtHw4XUPsvGaxgjIAn8PhEWG9NfngEKAMDJEczWVA=
github.com/davecgh/go-spew v1.1.0/go.mod h1:J7Y8YcW2NihsgmVo/mv3lAwl/skON4iLHjSsI+c5H38=
github.com/google/go-cmp v0.5.2/go.mod h1:v8dTdLbMG2kIc/vJvl+f65V22dbkXbowE6jgT/gNBxE=
github.com/google/go-querystring v1.1.0 h1:AnCroh3fv4ZBgVIf1Iwtovgjaw/GiKJo8M8yD/fhyJ8=
github.com/google/go-querystring v1.1.0/go.mod h1:Kcdr2DB4koayq7X8pmAG4sNG59So17icRSOU623lUBU=
github.com/google/pprof v0.0.0-20190404155422-f8f10df84213/go.mod h1:zfwlbNMJ+OItoe0UupaVj+oy1omPYYDuagoSzA8v9mc=
github.com/gorilla/websocket v1.5.0 h1:PPwGk2jz7EePpoHN/+ClbZu8SPxiqlu12wZP/3sWmnc=
github.com/gorilla/websocket v1.5.0/go.mod h1:YR8l580nyteQvAITg2hZ9XVh4b55+EU/adAjf1fMHhE=
github.com/h2non/parth v0.0.0-20190131123155-b4df798d6542/go.mod h1:Ow0tF8D4Kplbc8s8sSb3V2oUCygFHVp8gC3Dn6U4MNI=
github.com/joho/godotenv v1.4.0/go.mod h1:f4LDr5Voq0i2e/R5DDNOoa2zzDfwtkZa6DnEwAbqwq4=
github.com/markcheno/go-talib v0.0.0-20190307022042-cd53a9264d70 h1:+iG37/Aw61Oc+ZJ4DSxQF2+K0e4ZiMidI7ytWuW4/cI=
github.com/markcheno/go-talib v0.0.0-20190307022042-cd53a9264d70/go.mod h1:xsYvOKWtDWoDV0kdN3U8tYZ4lVrhjqf64cJRzR4ScTI=
github.com/nbio/st v0.0.0-20140626010706-e9e8d9816f32/go.mod h1:9wM+0iRr9ahx58uYLpLIr5fm8diHn0JbqRycJi6w0Ms=
github.com/pmezard/go-difflib v1.0.0/go.mod h1:iKH77koFhYxTK1pcRnkKkqfTogsbg7gZNVY4sRDYZ/4=
github.com/shopspring/decimal v1.3.1 h1:2Usl1nmF/WZucqkFZhnfFYxxxu8LG21F6nPQBE5gKV8=
github.com/shopspring/decimal v1.3.1/go.mod h1:DKyhrW/HYNuLGql+MJL6WCR6knT2jwCFRcu2hWCYk4o=
github.com/stretchr/objx v0.1.0/go.mod h1:HFkY916IF+rwdDfMAkV7OtwuqBVzrE8GR6GFx+wExME=
github.com/stretchr/testify v1.7.1/go.mod h1:6Fq8oRcR53rry900zMqJjRRixrwX3KX962/h/Wwjteg=
github.com/superoo7/go-gecko v1.0.0 h1:Xa1hZu2AYSA20eVMEd4etY0fcJoEI5deja1mdRmqlpI=
github.com/superoo7/go-gecko v1.0.0/go.mod h1:6AMYHL2wP2EN8AB9msPM76Lbo8L/MQOknYjvak5coaY=
github.com/thebotguys/signalr v0.0.0-20190119054324-787ebe6729fc h1:fc58Le/8rVCU8jwXUot9i9lkWkEnL0YGI/WLrbXmTWw=
github.com/thebotguys/signalr v0.0.0-20190119054324-787ebe6729fc/go.mod h1:Vjxf5A2hvYlxWvXYlkXUNmlmWspXKKt7YpQ4O3XEd4w=
github.com/toorop/go-bittrex v0.0.5 h1:XQNkcyb/cAtNVFj5CidkLFaJtOgkH997/xJJkNwuTw0=
github.com/toorop/go-bittrex v0.0.5/go.mod h1:oN6IGOY6GJ+jppf9A/fyYtUQNDte7irvf7YMmmGXOrk=
golang.org/x/arch v0.0.0-20190312162104-788fe5ffcd8c/go.mod h1:flIaEI6LNU6xOCD5PaJvn9wGP0agmIOqjrtsKGRguv4=
golang.org/x/xerrors v0.0.0-20191204190536-9bdfabe68543/go.mod h1:I/5z698sn9Ka8TeJc9MKroUUfqBBauWjQqLJ2OPfmY0=
gopkg.in/check.v1 v0.0.0-20161208181325-20d25e280405/go.mod h1:Co6ibVJAznAaIkqp8huTwlJQCZ016jof/cbN4VW5Yz0=
gopkg.in/h2non/gock.v1 v1.0.14/go.mod h1:sX4zAkdYX1TRGJ2JY156cFspQn4yRWn6p9EMdODlynE=
gopkg.in/yaml.v3 v3.0.0-20200313102051-9f266ea9e77c/go.mod h1:K4uyk7z7BCEPqu6E+C64Yfv1cQ7kz7rIZviUmN+EgEM=
rsc.io/pdf v0.1.1/go.mod h1:n8OzWcQ6Sp37PL01nO98y4iUCRdTGarVfzxY20ICaU4=
